// !$*UTF8*$!
{
	archiveVersion = 1;
	classes = {
	};
	objectVersion = 56;
	objects = {

/* Begin PBXBuildFile section */
		4C47302A2AD8DC750025F089 /* AuthService.swift in Sources */ = {isa = PBXBuildFile; fileRef = 4C4730292AD8DC750025F089 /* AuthService.swift */; };
		4C47302C2AD9760C0025F089 /* LoginViewModel.swift in Sources */ = {isa = PBXBuildFile; fileRef = 4C47302B2AD9760C0025F089 /* LoginViewModel.swift */; };
		4C47302F2AD9761E0025F089 /* SignUpViewModel.swift in Sources */ = {isa = PBXBuildFile; fileRef = 4C47302E2AD9761E0025F089 /* SignUpViewModel.swift */; };
		4C6049A52AD78F4D00E9F0BF /* FirebaseAnalytics in Frameworks */ = {isa = PBXBuildFile; productRef = 4C6049A42AD78F4D00E9F0BF /* FirebaseAnalytics */; };
		4C6049A72AD7917A00E9F0BF /* FirebaseAuth in Frameworks */ = {isa = PBXBuildFile; productRef = 4C6049A62AD7917A00E9F0BF /* FirebaseAuth */; };
		4C6049C52AD7948F00E9F0BF /* MainViewModel.swift in Sources */ = {isa = PBXBuildFile; fileRef = 4C6049C42AD7948F00E9F0BF /* MainViewModel.swift */; };
		4C6049C72AD7968700E9F0BF /* MainView.swift in Sources */ = {isa = PBXBuildFile; fileRef = 4C6049C62AD7968700E9F0BF /* MainView.swift */; };
		4C6049C92AD799F200E9F0BF /* SignUpView.swift in Sources */ = {isa = PBXBuildFile; fileRef = 4C6049C82AD799F200E9F0BF /* SignUpView.swift */; };
		4C6049CB2AD79DDA00E9F0BF /* FirebaseFirestore in Frameworks */ = {isa = PBXBuildFile; productRef = 4C6049CA2AD79DDA00E9F0BF /* FirebaseFirestore */; };
		4C6049D02AD7C6E000E9F0BF /* FirebaseFirestoreSwift in Frameworks */ = {isa = PBXBuildFile; productRef = 4C6049CF2AD7C6E000E9F0BF /* FirebaseFirestoreSwift */; };
		4CA2328C2ADCE1A0003874D2 /* GoogleService-Info.plist in Resources */ = {isa = PBXBuildFile; fileRef = 4CA2328B2ADCE1A0003874D2 /* GoogleService-Info.plist */; };
		4CA232902ADD119B003874D2 /* FirebaseMessaging in Frameworks */ = {isa = PBXBuildFile; productRef = 4CA2328F2ADD119B003874D2 /* FirebaseMessaging */; };
		4CA232972ADE1EF1003874D2 /* UserRecord.swift in Sources */ = {isa = PBXBuildFile; fileRef = 4CA232922ADE1EF1003874D2 /* UserRecord.swift */; };
		4CA232982ADE1EF1003874D2 /* ChartData.swift in Sources */ = {isa = PBXBuildFile; fileRef = 4CA232932ADE1EF1003874D2 /* ChartData.swift */; };
		4CA232992ADE1EF1003874D2 /* Invite.swift in Sources */ = {isa = PBXBuildFile; fileRef = 4CA232942ADE1EF1003874D2 /* Invite.swift */; };
		4CA2329A2ADE1EF1003874D2 /* DataUser.swift in Sources */ = {isa = PBXBuildFile; fileRef = 4CA232952ADE1EF1003874D2 /* DataUser.swift */; };
		4CA2329B2ADE1EF1003874D2 /* UserData.swift in Sources */ = {isa = PBXBuildFile; fileRef = 4CA232962ADE1EF1003874D2 /* UserData.swift */; };
		4CA2329D2ADE1F15003874D2 /* MainView.swift in Sources */ = {isa = PBXBuildFile; fileRef = 4CA2329C2ADE1F15003874D2 /* MainView.swift */; };
		4CA232A02ADE1F1D003874D2 /* TestAuthViewModel.swift in Sources */ = {isa = PBXBuildFile; fileRef = 4CA2329E2ADE1F1D003874D2 /* TestAuthViewModel.swift */; };
		4CA232A12ADE1F1D003874D2 /* TestAuthConnector.swift in Sources */ = {isa = PBXBuildFile; fileRef = 4CA2329F2ADE1F1D003874D2 /* TestAuthConnector.swift */; };
		4CA232A42ADE1F4F003874D2 /* DataUser.swift in Sources */ = {isa = PBXBuildFile; fileRef = 4CA232A22ADE1F4F003874D2 /* DataUser.swift */; };
		4CA232A52ADE1F4F003874D2 /* UserRecord.swift in Sources */ = {isa = PBXBuildFile; fileRef = 4CA232A32ADE1F4F003874D2 /* UserRecord.swift */; };
		4CA232B52ADE2112003874D2 /* WatchConnectorService.swift in Sources */ = {isa = PBXBuildFile; fileRef = 4CA232B42ADE2112003874D2 /* WatchConnectorService.swift */; };
		4CA232B72ADE48F7003874D2 /* Fall.swift in Sources */ = {isa = PBXBuildFile; fileRef = 4CA232B62ADE48F7003874D2 /* Fall.swift */; };
		4CB0155A2AD4DBBC0023C71E /* YTeamApp.swift in Sources */ = {isa = PBXBuildFile; fileRef = 4CB015592AD4DBBC0023C71E /* YTeamApp.swift */; };
		4CB0155C2AD4DBBC0023C71E /* ContentView.swift in Sources */ = {isa = PBXBuildFile; fileRef = 4CB0155B2AD4DBBC0023C71E /* ContentView.swift */; };
		4CB0155E2AD4DBBF0023C71E /* Assets.xcassets in Resources */ = {isa = PBXBuildFile; fileRef = 4CB0155D2AD4DBBF0023C71E /* Assets.xcassets */; };
		4CB015612AD4DBBF0023C71E /* Preview Assets.xcassets in Resources */ = {isa = PBXBuildFile; fileRef = 4CB015602AD4DBBF0023C71E /* Preview Assets.xcassets */; };
		4CB015672AD4DBBF0023C71E /* YTeam Watch App.app in Embed Watch Content */ = {isa = PBXBuildFile; fileRef = 4CB015662AD4DBBF0023C71E /* YTeam Watch App.app */; settings = {ATTRIBUTES = (RemoveHeadersOnCopy, ); }; };
		4CB0156C2AD4DBBF0023C71E /* YTeamApp.swift in Sources */ = {isa = PBXBuildFile; fileRef = 4CB0156B2AD4DBBF0023C71E /* YTeamApp.swift */; };
		4CB0156E2AD4DBBF0023C71E /* ContentView.swift in Sources */ = {isa = PBXBuildFile; fileRef = 4CB0156D2AD4DBBF0023C71E /* ContentView.swift */; };
		4CB015702AD4DBC00023C71E /* Assets.xcassets in Resources */ = {isa = PBXBuildFile; fileRef = 4CB0156F2AD4DBC00023C71E /* Assets.xcassets */; };
		4CB015732AD4DBC00023C71E /* Preview Assets.xcassets in Resources */ = {isa = PBXBuildFile; fileRef = 4CB015722AD4DBC00023C71E /* Preview Assets.xcassets */; };
		4CB0157F2AD4E5F60023C71E /* LoginView.swift in Sources */ = {isa = PBXBuildFile; fileRef = 4CB0157E2AD4E5F60023C71E /* LoginView.swift */; };
		7D02E7212AD8ECD500923AFB /* Screen.swift in Sources */ = {isa = PBXBuildFile; fileRef = 7D02E7202AD8ECD500923AFB /* Screen.swift */; };
		7D02E7252ADCC97200923AFB /* HistoryView.swift in Sources */ = {isa = PBXBuildFile; fileRef = 7D02E7242ADCC97200923AFB /* HistoryView.swift */; };
		7D02E7622ADD023E00923AFB /* LocationVIewModel.swift in Sources */ = {isa = PBXBuildFile; fileRef = 7D02E74C2ADD023E00923AFB /* LocationVIewModel.swift */; };
		7D02E7632ADD023E00923AFB /* IdleDetectionViewModel.swift in Sources */ = {isa = PBXBuildFile; fileRef = 7D02E74D2ADD023E00923AFB /* IdleDetectionViewModel.swift */; };
		7D02E7642ADD023E00923AFB /* ChargingViewModel.swift in Sources */ = {isa = PBXBuildFile; fileRef = 7D02E74E2ADD023E00923AFB /* ChargingViewModel.swift */; };
		7D02E7652ADD023E00923AFB /* DataService.swift in Sources */ = {isa = PBXBuildFile; fileRef = 7D02E7502ADD023E00923AFB /* DataService.swift */; };
		7D02E7662ADD023E00923AFB /* FallDetectionManager.swift in Sources */ = {isa = PBXBuildFile; fileRef = 7D02E7522ADD023E00923AFB /* FallDetectionManager.swift */; };
		7D02E7672ADD023E00923AFB /* WatchConnectorManageWatch.swift in Sources */ = {isa = PBXBuildFile; fileRef = 7D02E7532ADD023E00923AFB /* WatchConnectorManageWatch.swift */; };
		7D02E7682ADD023E00923AFB /* CalendarExt.swift in Sources */ = {isa = PBXBuildFile; fileRef = 7D02E7552ADD023E00923AFB /* CalendarExt.swift */; };
		7D02E7692ADD023E00923AFB /* DateExt.swift in Sources */ = {isa = PBXBuildFile; fileRef = 7D02E7562ADD023E00923AFB /* DateExt.swift */; };
		7D02E76A2ADD023E00923AFB /* APIConstants.swift in Sources */ = {isa = PBXBuildFile; fileRef = 7D02E7582ADD023E00923AFB /* APIConstants.swift */; };
		7D02E76B2ADD023E00923AFB /* APIEnums.swift in Sources */ = {isa = PBXBuildFile; fileRef = 7D02E75A2ADD023E00923AFB /* APIEnums.swift */; };
		7D02E76C2ADD023E00923AFB /* TestChargingView.swift in Sources */ = {isa = PBXBuildFile; fileRef = 7D02E75C2ADD023E00923AFB /* TestChargingView.swift */; };
		7D02E76D2ADD023E00923AFB /* IdleDetectionView.swift in Sources */ = {isa = PBXBuildFile; fileRef = 7D02E75D2ADD023E00923AFB /* IdleDetectionView.swift */; };
		7D02E76E2ADD023E00923AFB /* ChargingRange.swift in Sources */ = {isa = PBXBuildFile; fileRef = 7D02E75F2ADD023E00923AFB /* ChargingRange.swift */; };
		7D02E7702ADD023E00923AFB /* UserProfile.swift in Sources */ = {isa = PBXBuildFile; fileRef = 7D02E7612ADD023E00923AFB /* UserProfile.swift */; };
		7D02E7732ADD029900923AFB /* UserData.swift in Sources */ = {isa = PBXBuildFile; fileRef = 4C6049CD2AD7AF4000E9F0BF /* UserData.swift */; };
		7D02E7742ADD029900923AFB /* Invite.swift in Sources */ = {isa = PBXBuildFile; fileRef = 4C6049D12AD7FD4A00E9F0BF /* Invite.swift */; };
		7D02E7782ADD035D00923AFB /* ChargingRange.swift in Sources */ = {isa = PBXBuildFile; fileRef = 7D02E75F2ADD023E00923AFB /* ChargingRange.swift */; };
		7D02E7792ADD038700923AFB /* DateExt.swift in Sources */ = {isa = PBXBuildFile; fileRef = 7D02E7562ADD023E00923AFB /* DateExt.swift */; };
		7D02E77B2ADD39D800923AFB /* CoreMotionManager.swift in Sources */ = {isa = PBXBuildFile; fileRef = 7D02E77A2ADD39D800923AFB /* CoreMotionManager.swift */; };
		8D7D73062ADE247D00251550 /* Inactivity.swift in Sources */ = {isa = PBXBuildFile; fileRef = 8D7D73052ADE247D00251550 /* Inactivity.swift */; };
		8DDFD0702ADD24E000A022FE /* InactivityChart.swift in Sources */ = {isa = PBXBuildFile; fileRef = 8DDFD06F2ADD24E000A022FE /* InactivityChart.swift */; };
		8DDFD0722ADD2EDB00A022FE /* HistoryViewModel.swift in Sources */ = {isa = PBXBuildFile; fileRef = 8DDFD0712ADD2EDB00A022FE /* HistoryViewModel.swift */; };
		8DDFD0742ADD3F5A00A022FE /* ChooseRoleView.swift in Sources */ = {isa = PBXBuildFile; fileRef = 8DDFD0732ADD3F5A00A022FE /* ChooseRoleView.swift */; };
		9318D3892ADCD18600245AFF /* ChargingViewModel.swift in Sources */ = {isa = PBXBuildFile; fileRef = 9318D3882ADCD18600245AFF /* ChargingViewModel.swift */; };
		9318D38B2ADCD1AC00245AFF /* ChartData.swift in Sources */ = {isa = PBXBuildFile; fileRef = 9318D38A2ADCD1AC00245AFF /* ChartData.swift */; };
		9318D38D2ADCD1C800245AFF /* TestChargingView.swift in Sources */ = {isa = PBXBuildFile; fileRef = 9318D38C2ADCD1C800245AFF /* TestChargingView.swift */; };
		9318D39C2ADCD92B00245AFF /* FirebaseAuth in Frameworks */ = {isa = PBXBuildFile; productRef = 9318D39B2ADCD92B00245AFF /* FirebaseAuth */; };
		9318D3D22ADE2A5C00245AFF /* UserProfile.swift in Sources */ = {isa = PBXBuildFile; fileRef = 7D02E7612ADD023E00923AFB /* UserProfile.swift */; };
/* End PBXBuildFile section */

/* Begin PBXContainerItemProxy section */
		4CB015682AD4DBBF0023C71E /* PBXContainerItemProxy */ = {
			isa = PBXContainerItemProxy;
			containerPortal = 4CB0154E2AD4DBBC0023C71E /* Project object */;
			proxyType = 1;
			remoteGlobalIDString = 4CB015652AD4DBBF0023C71E;
			remoteInfo = "YTeam Watch App";
		};
/* End PBXContainerItemProxy section */

/* Begin PBXCopyFilesBuildPhase section */
		4CB015792AD4DBC00023C71E /* Embed Watch Content */ = {
			isa = PBXCopyFilesBuildPhase;
			buildActionMask = 2147483647;
			dstPath = "$(CONTENTS_FOLDER_PATH)/Watch";
			dstSubfolderSpec = 16;
			files = (
				4CB015672AD4DBBF0023C71E /* YTeam Watch App.app in Embed Watch Content */,
			);
			name = "Embed Watch Content";
			runOnlyForDeploymentPostprocessing = 0;
		};
/* End PBXCopyFilesBuildPhase section */

/* Begin PBXFileReference section */
		4C4730292AD8DC750025F089 /* AuthService.swift */ = {isa = PBXFileReference; lastKnownFileType = sourcecode.swift; path = AuthService.swift; sourceTree = "<group>"; };
		4C47302B2AD9760C0025F089 /* LoginViewModel.swift */ = {isa = PBXFileReference; lastKnownFileType = sourcecode.swift; path = LoginViewModel.swift; sourceTree = "<group>"; };
		4C47302E2AD9761E0025F089 /* SignUpViewModel.swift */ = {isa = PBXFileReference; lastKnownFileType = sourcecode.swift; path = SignUpViewModel.swift; sourceTree = "<group>"; };
		4C6049C42AD7948F00E9F0BF /* MainViewModel.swift */ = {isa = PBXFileReference; lastKnownFileType = sourcecode.swift; path = MainViewModel.swift; sourceTree = "<group>"; };
		4C6049C62AD7968700E9F0BF /* MainView.swift */ = {isa = PBXFileReference; lastKnownFileType = sourcecode.swift; path = MainView.swift; sourceTree = "<group>"; };
		4C6049C82AD799F200E9F0BF /* SignUpView.swift */ = {isa = PBXFileReference; lastKnownFileType = sourcecode.swift; path = SignUpView.swift; sourceTree = "<group>"; };
		4C6049CD2AD7AF4000E9F0BF /* UserData.swift */ = {isa = PBXFileReference; lastKnownFileType = sourcecode.swift; path = UserData.swift; sourceTree = "<group>"; };
		4C6049D12AD7FD4A00E9F0BF /* Invite.swift */ = {isa = PBXFileReference; lastKnownFileType = sourcecode.swift; path = Invite.swift; sourceTree = "<group>"; };
		4CA2328B2ADCE1A0003874D2 /* GoogleService-Info.plist */ = {isa = PBXFileReference; fileEncoding = 4; lastKnownFileType = text.plist.xml; path = "GoogleService-Info.plist"; sourceTree = "<group>"; };
		4CA232912ADD4517003874D2 /* Info.plist */ = {isa = PBXFileReference; lastKnownFileType = text.plist; path = Info.plist; sourceTree = "<group>"; };
		4CA232922ADE1EF1003874D2 /* UserRecord.swift */ = {isa = PBXFileReference; fileEncoding = 4; lastKnownFileType = sourcecode.swift; path = UserRecord.swift; sourceTree = "<group>"; };
		4CA232932ADE1EF1003874D2 /* ChartData.swift */ = {isa = PBXFileReference; fileEncoding = 4; lastKnownFileType = sourcecode.swift; path = ChartData.swift; sourceTree = "<group>"; };
		4CA232942ADE1EF1003874D2 /* Invite.swift */ = {isa = PBXFileReference; fileEncoding = 4; lastKnownFileType = sourcecode.swift; path = Invite.swift; sourceTree = "<group>"; };
		4CA232952ADE1EF1003874D2 /* DataUser.swift */ = {isa = PBXFileReference; fileEncoding = 4; lastKnownFileType = sourcecode.swift; path = DataUser.swift; sourceTree = "<group>"; };
		4CA232962ADE1EF1003874D2 /* UserData.swift */ = {isa = PBXFileReference; fileEncoding = 4; lastKnownFileType = sourcecode.swift; path = UserData.swift; sourceTree = "<group>"; };
		4CA2329C2ADE1F15003874D2 /* MainView.swift */ = {isa = PBXFileReference; fileEncoding = 4; lastKnownFileType = sourcecode.swift; path = MainView.swift; sourceTree = "<group>"; };
		4CA2329E2ADE1F1D003874D2 /* TestAuthViewModel.swift */ = {isa = PBXFileReference; fileEncoding = 4; lastKnownFileType = sourcecode.swift; path = TestAuthViewModel.swift; sourceTree = "<group>"; };
		4CA2329F2ADE1F1D003874D2 /* TestAuthConnector.swift */ = {isa = PBXFileReference; fileEncoding = 4; lastKnownFileType = sourcecode.swift; path = TestAuthConnector.swift; sourceTree = "<group>"; };
		4CA232A22ADE1F4F003874D2 /* DataUser.swift */ = {isa = PBXFileReference; fileEncoding = 4; lastKnownFileType = sourcecode.swift; path = DataUser.swift; sourceTree = "<group>"; };
		4CA232A32ADE1F4F003874D2 /* UserRecord.swift */ = {isa = PBXFileReference; fileEncoding = 4; lastKnownFileType = sourcecode.swift; path = UserRecord.swift; sourceTree = "<group>"; };
		4CA232B42ADE2112003874D2 /* WatchConnectorService.swift */ = {isa = PBXFileReference; fileEncoding = 4; lastKnownFileType = sourcecode.swift; path = WatchConnectorService.swift; sourceTree = "<group>"; };
		4CA232B62ADE48F7003874D2 /* Fall.swift */ = {isa = PBXFileReference; fileEncoding = 4; lastKnownFileType = sourcecode.swift; path = Fall.swift; sourceTree = "<group>"; };
		4CB015562AD4DBBC0023C71E /* YTeam.app */ = {isa = PBXFileReference; explicitFileType = wrapper.application; includeInIndex = 0; path = YTeam.app; sourceTree = BUILT_PRODUCTS_DIR; };
		4CB015592AD4DBBC0023C71E /* YTeamApp.swift */ = {isa = PBXFileReference; lastKnownFileType = sourcecode.swift; path = YTeamApp.swift; sourceTree = "<group>"; };
		4CB0155B2AD4DBBC0023C71E /* ContentView.swift */ = {isa = PBXFileReference; lastKnownFileType = sourcecode.swift; path = ContentView.swift; sourceTree = "<group>"; };
		4CB0155D2AD4DBBF0023C71E /* Assets.xcassets */ = {isa = PBXFileReference; lastKnownFileType = folder.assetcatalog; path = Assets.xcassets; sourceTree = "<group>"; };
		4CB015602AD4DBBF0023C71E /* Preview Assets.xcassets */ = {isa = PBXFileReference; lastKnownFileType = folder.assetcatalog; path = "Preview Assets.xcassets"; sourceTree = "<group>"; };
		4CB015662AD4DBBF0023C71E /* YTeam Watch App.app */ = {isa = PBXFileReference; explicitFileType = wrapper.application; includeInIndex = 0; path = "YTeam Watch App.app"; sourceTree = BUILT_PRODUCTS_DIR; };
		4CB0156B2AD4DBBF0023C71E /* YTeamApp.swift */ = {isa = PBXFileReference; lastKnownFileType = sourcecode.swift; path = YTeamApp.swift; sourceTree = "<group>"; };
		4CB0156D2AD4DBBF0023C71E /* ContentView.swift */ = {isa = PBXFileReference; lastKnownFileType = sourcecode.swift; path = ContentView.swift; sourceTree = "<group>"; };
		4CB0156F2AD4DBC00023C71E /* Assets.xcassets */ = {isa = PBXFileReference; lastKnownFileType = folder.assetcatalog; path = Assets.xcassets; sourceTree = "<group>"; };
		4CB015722AD4DBC00023C71E /* Preview Assets.xcassets */ = {isa = PBXFileReference; lastKnownFileType = folder.assetcatalog; path = "Preview Assets.xcassets"; sourceTree = "<group>"; };
		4CB0157E2AD4E5F60023C71E /* LoginView.swift */ = {isa = PBXFileReference; lastKnownFileType = sourcecode.swift; path = LoginView.swift; sourceTree = "<group>"; };
		4CB015802AD4E6E00023C71E /* YTeam.entitlements */ = {isa = PBXFileReference; lastKnownFileType = text.plist.entitlements; path = YTeam.entitlements; sourceTree = "<group>"; };
		7D02E7042AD78AD300923AFB /* YTeam Watch App.entitlements */ = {isa = PBXFileReference; lastKnownFileType = text.plist.entitlements; path = "YTeam Watch App.entitlements"; sourceTree = "<group>"; };
		7D02E7202AD8ECD500923AFB /* Screen.swift */ = {isa = PBXFileReference; lastKnownFileType = sourcecode.swift; path = Screen.swift; sourceTree = "<group>"; };
		7D02E7242ADCC97200923AFB /* HistoryView.swift */ = {isa = PBXFileReference; lastKnownFileType = sourcecode.swift; path = HistoryView.swift; sourceTree = "<group>"; };
		7D02E74C2ADD023E00923AFB /* LocationVIewModel.swift */ = {isa = PBXFileReference; fileEncoding = 4; lastKnownFileType = sourcecode.swift; path = LocationVIewModel.swift; sourceTree = "<group>"; };
		7D02E74D2ADD023E00923AFB /* IdleDetectionViewModel.swift */ = {isa = PBXFileReference; fileEncoding = 4; lastKnownFileType = sourcecode.swift; path = IdleDetectionViewModel.swift; sourceTree = "<group>"; };
		7D02E74E2ADD023E00923AFB /* ChargingViewModel.swift */ = {isa = PBXFileReference; fileEncoding = 4; lastKnownFileType = sourcecode.swift; path = ChargingViewModel.swift; sourceTree = "<group>"; };
		7D02E7502ADD023E00923AFB /* DataService.swift */ = {isa = PBXFileReference; fileEncoding = 4; lastKnownFileType = sourcecode.swift; path = DataService.swift; sourceTree = "<group>"; };
		7D02E7522ADD023E00923AFB /* FallDetectionManager.swift */ = {isa = PBXFileReference; fileEncoding = 4; lastKnownFileType = sourcecode.swift; path = FallDetectionManager.swift; sourceTree = "<group>"; };
		7D02E7532ADD023E00923AFB /* WatchConnectorManageWatch.swift */ = {isa = PBXFileReference; fileEncoding = 4; lastKnownFileType = sourcecode.swift; path = WatchConnectorManageWatch.swift; sourceTree = "<group>"; };
		7D02E7552ADD023E00923AFB /* CalendarExt.swift */ = {isa = PBXFileReference; fileEncoding = 4; lastKnownFileType = sourcecode.swift; path = CalendarExt.swift; sourceTree = "<group>"; };
		7D02E7562ADD023E00923AFB /* DateExt.swift */ = {isa = PBXFileReference; fileEncoding = 4; lastKnownFileType = sourcecode.swift; path = DateExt.swift; sourceTree = "<group>"; };
		7D02E7582ADD023E00923AFB /* APIConstants.swift */ = {isa = PBXFileReference; fileEncoding = 4; lastKnownFileType = sourcecode.swift; path = APIConstants.swift; sourceTree = "<group>"; };
		7D02E75A2ADD023E00923AFB /* APIEnums.swift */ = {isa = PBXFileReference; fileEncoding = 4; lastKnownFileType = sourcecode.swift; path = APIEnums.swift; sourceTree = "<group>"; };
		7D02E75C2ADD023E00923AFB /* TestChargingView.swift */ = {isa = PBXFileReference; fileEncoding = 4; lastKnownFileType = sourcecode.swift; path = TestChargingView.swift; sourceTree = "<group>"; };
		7D02E75D2ADD023E00923AFB /* IdleDetectionView.swift */ = {isa = PBXFileReference; fileEncoding = 4; lastKnownFileType = sourcecode.swift; path = IdleDetectionView.swift; sourceTree = "<group>"; };
		7D02E75F2ADD023E00923AFB /* ChargingRange.swift */ = {isa = PBXFileReference; fileEncoding = 4; lastKnownFileType = sourcecode.swift; path = ChargingRange.swift; sourceTree = "<group>"; };
		7D02E7612ADD023E00923AFB /* UserProfile.swift */ = {isa = PBXFileReference; fileEncoding = 4; lastKnownFileType = sourcecode.swift; path = UserProfile.swift; sourceTree = "<group>"; };
		7D02E77A2ADD39D800923AFB /* CoreMotionManager.swift */ = {isa = PBXFileReference; lastKnownFileType = sourcecode.swift; path = CoreMotionManager.swift; sourceTree = "<group>"; };
		8D7D73052ADE247D00251550 /* Inactivity.swift */ = {isa = PBXFileReference; lastKnownFileType = sourcecode.swift; path = Inactivity.swift; sourceTree = "<group>"; };
		8DDFD06F2ADD24E000A022FE /* InactivityChart.swift */ = {isa = PBXFileReference; lastKnownFileType = sourcecode.swift; path = InactivityChart.swift; sourceTree = "<group>"; };
		8DDFD0712ADD2EDB00A022FE /* HistoryViewModel.swift */ = {isa = PBXFileReference; lastKnownFileType = sourcecode.swift; path = HistoryViewModel.swift; sourceTree = "<group>"; };
		8DDFD0732ADD3F5A00A022FE /* ChooseRoleView.swift */ = {isa = PBXFileReference; lastKnownFileType = sourcecode.swift; path = ChooseRoleView.swift; sourceTree = "<group>"; };
		9318D3882ADCD18600245AFF /* ChargingViewModel.swift */ = {isa = PBXFileReference; lastKnownFileType = sourcecode.swift; path = ChargingViewModel.swift; sourceTree = "<group>"; };
		9318D38A2ADCD1AC00245AFF /* ChartData.swift */ = {isa = PBXFileReference; lastKnownFileType = sourcecode.swift; path = ChartData.swift; sourceTree = "<group>"; };
		9318D38C2ADCD1C800245AFF /* TestChargingView.swift */ = {isa = PBXFileReference; lastKnownFileType = sourcecode.swift; path = TestChargingView.swift; sourceTree = "<group>"; };
		93CC91482AD7EC8100D1AC86 /* YTeam-Watch-App-Info.plist */ = {isa = PBXFileReference; lastKnownFileType = text.plist; path = "YTeam-Watch-App-Info.plist"; sourceTree = SOURCE_ROOT; };
/* End PBXFileReference section */

/* Begin PBXFrameworksBuildPhase section */
		4CB015532AD4DBBC0023C71E /* Frameworks */ = {
			isa = PBXFrameworksBuildPhase;
			buildActionMask = 2147483647;
			files = (
				4C6049A52AD78F4D00E9F0BF /* FirebaseAnalytics in Frameworks */,
				4C6049A72AD7917A00E9F0BF /* FirebaseAuth in Frameworks */,
				4CA232902ADD119B003874D2 /* FirebaseMessaging in Frameworks */,
				4C6049CB2AD79DDA00E9F0BF /* FirebaseFirestore in Frameworks */,
				4C6049D02AD7C6E000E9F0BF /* FirebaseFirestoreSwift in Frameworks */,
			);
			runOnlyForDeploymentPostprocessing = 0;
		};
		4CB015632AD4DBBF0023C71E /* Frameworks */ = {
			isa = PBXFrameworksBuildPhase;
			buildActionMask = 2147483647;
			files = (
				9318D39C2ADCD92B00245AFF /* FirebaseAuth in Frameworks */,
			);
			runOnlyForDeploymentPostprocessing = 0;
		};
/* End PBXFrameworksBuildPhase section */

/* Begin PBXGroup section */
		4C4730282AD8D2520025F089 /* Services */ = {
			isa = PBXGroup;
			children = (
				4CA232B42ADE2112003874D2 /* WatchConnectorService.swift */,
				4C4730292AD8DC750025F089 /* AuthService.swift */,
			);
			path = Services;
			sourceTree = "<group>";
		};
		4C6049C32AD7948700E9F0BF /* ViewModels */ = {
			isa = PBXGroup;
			children = (
				4C6049C42AD7948F00E9F0BF /* MainViewModel.swift */,
				4C47302B2AD9760C0025F089 /* LoginViewModel.swift */,
				4C47302E2AD9761E0025F089 /* SignUpViewModel.swift */,
				9318D3882ADCD18600245AFF /* ChargingViewModel.swift */,
				8DDFD0712ADD2EDB00A022FE /* HistoryViewModel.swift */,
			);
			path = ViewModels;
			sourceTree = "<group>";
		};
		4C6049CC2AD7AEC800E9F0BF /* Models */ = {
			isa = PBXGroup;
			children = (
				4CA232A22ADE1F4F003874D2 /* DataUser.swift */,
				4CA232A32ADE1F4F003874D2 /* UserRecord.swift */,
				4C6049CD2AD7AF4000E9F0BF /* UserData.swift */,
				4C6049D12AD7FD4A00E9F0BF /* Invite.swift */,
				9318D38A2ADCD1AC00245AFF /* ChartData.swift */,
				8DDFD06F2ADD24E000A022FE /* InactivityChart.swift */,
			);
			path = Models;
			sourceTree = "<group>";
		};
		4CB0154D2AD4DBBC0023C71E = {
			isa = PBXGroup;
			children = (
				4CB015582AD4DBBC0023C71E /* YTeam */,
				4CB0156A2AD4DBBF0023C71E /* YTeam Watch App */,
				4CB015572AD4DBBC0023C71E /* Products */,
			);
			sourceTree = "<group>";
		};
		4CB015572AD4DBBC0023C71E /* Products */ = {
			isa = PBXGroup;
			children = (
				4CB015562AD4DBBC0023C71E /* YTeam.app */,
				4CB015662AD4DBBF0023C71E /* YTeam Watch App.app */,
			);
			name = Products;
			sourceTree = "<group>";
		};
		4CB015582AD4DBBC0023C71E /* YTeam */ = {
			isa = PBXGroup;
			children = (
				4CA232912ADD4517003874D2 /* Info.plist */,
				4CA2328B2ADCE1A0003874D2 /* GoogleService-Info.plist */,
				4C4730282AD8D2520025F089 /* Services */,
				4C6049CC2AD7AEC800E9F0BF /* Models */,
				4C6049C32AD7948700E9F0BF /* ViewModels */,
				4CB015802AD4E6E00023C71E /* YTeam.entitlements */,
				4CB0157D2AD4E5A20023C71E /* Views */,
				7D02E71F2AD8ECA300923AFB /* Utilities */,
				4CB015592AD4DBBC0023C71E /* YTeamApp.swift */,
				4CB0155D2AD4DBBF0023C71E /* Assets.xcassets */,
				4CB0155F2AD4DBBF0023C71E /* Preview Content */,
			);
			path = YTeam;
			sourceTree = "<group>";
		};
		4CB0155F2AD4DBBF0023C71E /* Preview Content */ = {
			isa = PBXGroup;
			children = (
				4CB015602AD4DBBF0023C71E /* Preview Assets.xcassets */,
			);
			path = "Preview Content";
			sourceTree = "<group>";
		};
		4CB0156A2AD4DBBF0023C71E /* YTeam Watch App */ = {
			isa = PBXGroup;
			children = (
				7D02E7572ADD023E00923AFB /* Constants */,
				7D02E7592ADD023E00923AFB /* Enums */,
				7D02E7542ADD023E00923AFB /* Extension */,
				7D02E75E2ADD023E00923AFB /* Models */,
				7D02E74F2ADD023E00923AFB /* Services */,
				7D02E7512ADD023E00923AFB /* Utilities */,
				7D02E75B2ADD023E00923AFB /* View */,
				7D02E74B2ADD023E00923AFB /* ViewModel */,
				93CC91482AD7EC8100D1AC86 /* YTeam-Watch-App-Info.plist */,
				7D02E7042AD78AD300923AFB /* YTeam Watch App.entitlements */,
				4CB0156B2AD4DBBF0023C71E /* YTeamApp.swift */,
				4CB0156F2AD4DBC00023C71E /* Assets.xcassets */,
				4CB015712AD4DBC00023C71E /* Preview Content */,
			);
			path = "YTeam Watch App";
			sourceTree = "<group>";
		};
		4CB015712AD4DBC00023C71E /* Preview Content */ = {
			isa = PBXGroup;
			children = (
				93CC91592AD8E6B800D1AC86 /* Enums */,
				4CB015722AD4DBC00023C71E /* Preview Assets.xcassets */,
			);
			path = "Preview Content";
			sourceTree = "<group>";
		};
		4CB0157D2AD4E5A20023C71E /* Views */ = {
			isa = PBXGroup;
			children = (
				4CB0155B2AD4DBBC0023C71E /* ContentView.swift */,
				4CB0157E2AD4E5F60023C71E /* LoginView.swift */,
				4C6049C62AD7968700E9F0BF /* MainView.swift */,
				4C6049C82AD799F200E9F0BF /* SignUpView.swift */,
				9318D38C2ADCD1C800245AFF /* TestChargingView.swift */,
				7D02E7242ADCC97200923AFB /* HistoryView.swift */,
				8DDFD0732ADD3F5A00A022FE /* ChooseRoleView.swift */,
			);
			path = Views;
			sourceTree = "<group>";
		};
		7D02E71F2AD8ECA300923AFB /* Utilities */ = {
			isa = PBXGroup;
			children = (
				7D02E7202AD8ECD500923AFB /* Screen.swift */,
			);
			path = Utilities;
			sourceTree = "<group>";
		};
		7D02E74B2ADD023E00923AFB /* ViewModel */ = {
			isa = PBXGroup;
			children = (
				4CA2329E2ADE1F1D003874D2 /* TestAuthViewModel.swift */,
				7D02E74C2ADD023E00923AFB /* LocationVIewModel.swift */,
				7D02E74D2ADD023E00923AFB /* IdleDetectionViewModel.swift */,
				7D02E74E2ADD023E00923AFB /* ChargingViewModel.swift */,
			);
			path = ViewModel;
			sourceTree = "<group>";
		};
		7D02E74F2ADD023E00923AFB /* Services */ = {
			isa = PBXGroup;
			children = (
				4CA2329F2ADE1F1D003874D2 /* TestAuthConnector.swift */,
				7D02E7502ADD023E00923AFB /* DataService.swift */,
			);
			path = Services;
			sourceTree = "<group>";
		};
		7D02E7512ADD023E00923AFB /* Utilities */ = {
			isa = PBXGroup;
			children = (
				7D02E7522ADD023E00923AFB /* FallDetectionManager.swift */,
				7D02E7532ADD023E00923AFB /* WatchConnectorManageWatch.swift */,
				7D02E77A2ADD39D800923AFB /* CoreMotionManager.swift */,
			);
			path = Utilities;
			sourceTree = "<group>";
		};
		7D02E7542ADD023E00923AFB /* Extension */ = {
			isa = PBXGroup;
			children = (
				7D02E7552ADD023E00923AFB /* CalendarExt.swift */,
				7D02E7562ADD023E00923AFB /* DateExt.swift */,
			);
			path = Extension;
			sourceTree = "<group>";
		};
		7D02E7572ADD023E00923AFB /* Constants */ = {
			isa = PBXGroup;
			children = (
				7D02E7582ADD023E00923AFB /* APIConstants.swift */,
			);
			path = Constants;
			sourceTree = "<group>";
		};
		7D02E7592ADD023E00923AFB /* Enums */ = {
			isa = PBXGroup;
			children = (
				7D02E75A2ADD023E00923AFB /* APIEnums.swift */,
			);
			path = Enums;
			sourceTree = "<group>";
		};
		7D02E75B2ADD023E00923AFB /* View */ = {
			isa = PBXGroup;
			children = (
				4CB0156D2AD4DBBF0023C71E /* ContentView.swift */,
				4CA2329C2ADE1F15003874D2 /* MainView.swift */,
				7D02E75C2ADD023E00923AFB /* TestChargingView.swift */,
				7D02E75D2ADD023E00923AFB /* IdleDetectionView.swift */,
			);
			path = View;
			sourceTree = "<group>";
		};
		7D02E75E2ADD023E00923AFB /* Models */ = {
			isa = PBXGroup;
			children = (
				4CA232B62ADE48F7003874D2 /* Fall.swift */,
				4CA232932ADE1EF1003874D2 /* ChartData.swift */,
				4CA232952ADE1EF1003874D2 /* DataUser.swift */,
				4CA232942ADE1EF1003874D2 /* Invite.swift */,
				4CA232962ADE1EF1003874D2 /* UserData.swift */,
				4CA232922ADE1EF1003874D2 /* UserRecord.swift */,
				7D02E75F2ADD023E00923AFB /* ChargingRange.swift */,
				7D02E7612ADD023E00923AFB /* UserProfile.swift */,
				8D7D73052ADE247D00251550 /* Inactivity.swift */,
			);
			path = Models;
			sourceTree = "<group>";
		};
		93CC91592AD8E6B800D1AC86 /* Enums */ = {
			isa = PBXGroup;
			children = (
			);
			path = Enums;
			sourceTree = "<unknown>";
		};
/* End PBXGroup section */

/* Begin PBXNativeTarget section */
		4CB015552AD4DBBC0023C71E /* YTeam */ = {
			isa = PBXNativeTarget;
			buildConfigurationList = 4CB0157A2AD4DBC00023C71E /* Build configuration list for PBXNativeTarget "YTeam" */;
			buildPhases = (
				4CB015522AD4DBBC0023C71E /* Sources */,
				4CB015532AD4DBBC0023C71E /* Frameworks */,
				4CB015542AD4DBBC0023C71E /* Resources */,
				4CB015792AD4DBC00023C71E /* Embed Watch Content */,
			);
			buildRules = (
			);
			dependencies = (
				4CB015692AD4DBBF0023C71E /* PBXTargetDependency */,
			);
			name = YTeam;
			packageProductDependencies = (
				4C6049A42AD78F4D00E9F0BF /* FirebaseAnalytics */,
				4C6049A62AD7917A00E9F0BF /* FirebaseAuth */,
				4C6049CA2AD79DDA00E9F0BF /* FirebaseFirestore */,
				4C6049CF2AD7C6E000E9F0BF /* FirebaseFirestoreSwift */,
				4CA2328F2ADD119B003874D2 /* FirebaseMessaging */,
			);
			productName = YTeam;
			productReference = 4CB015562AD4DBBC0023C71E /* YTeam.app */;
			productType = "com.apple.product-type.application";
		};
		4CB015652AD4DBBF0023C71E /* YTeam Watch App */ = {
			isa = PBXNativeTarget;
			buildConfigurationList = 4CB015762AD4DBC00023C71E /* Build configuration list for PBXNativeTarget "YTeam Watch App" */;
			buildPhases = (
				4CB015622AD4DBBF0023C71E /* Sources */,
				4CB015632AD4DBBF0023C71E /* Frameworks */,
				4CB015642AD4DBBF0023C71E /* Resources */,
			);
			buildRules = (
			);
			dependencies = (
			);
			name = "YTeam Watch App";
			packageProductDependencies = (
				9318D39B2ADCD92B00245AFF /* FirebaseAuth */,
			);
			productName = "YTeam Watch App";
			productReference = 4CB015662AD4DBBF0023C71E /* YTeam Watch App.app */;
			productType = "com.apple.product-type.application";
		};
/* End PBXNativeTarget section */

/* Begin PBXProject section */
		4CB0154E2AD4DBBC0023C71E /* Project object */ = {
			isa = PBXProject;
			attributes = {
				BuildIndependentTargetsInParallel = 1;
				LastSwiftUpdateCheck = 1500;
				LastUpgradeCheck = 1500;
				TargetAttributes = {
					4CB015552AD4DBBC0023C71E = {
						CreatedOnToolsVersion = 15.0;
					};
					4CB015652AD4DBBF0023C71E = {
						CreatedOnToolsVersion = 15.0;
					};
				};
			};
			buildConfigurationList = 4CB015512AD4DBBC0023C71E /* Build configuration list for PBXProject "YTeam" */;
			compatibilityVersion = "Xcode 14.0";
			developmentRegion = en;
			hasScannedForEncodings = 0;
			knownRegions = (
				en,
				Base,
			);
			mainGroup = 4CB0154D2AD4DBBC0023C71E;
			packageReferences = (
				4C6049A32AD78F4D00E9F0BF /* XCRemoteSwiftPackageReference "firebase-ios-sdk" */,
			);
			productRefGroup = 4CB015572AD4DBBC0023C71E /* Products */;
			projectDirPath = "";
			projectRoot = "";
			targets = (
				4CB015552AD4DBBC0023C71E /* YTeam */,
				4CB015652AD4DBBF0023C71E /* YTeam Watch App */,
			);
		};
/* End PBXProject section */

/* Begin PBXResourcesBuildPhase section */
		4CB015542AD4DBBC0023C71E /* Resources */ = {
			isa = PBXResourcesBuildPhase;
			buildActionMask = 2147483647;
			files = (
				4CB015612AD4DBBF0023C71E /* Preview Assets.xcassets in Resources */,
				4CB0155E2AD4DBBF0023C71E /* Assets.xcassets in Resources */,
				4CA2328C2ADCE1A0003874D2 /* GoogleService-Info.plist in Resources */,
			);
			runOnlyForDeploymentPostprocessing = 0;
		};
		4CB015642AD4DBBF0023C71E /* Resources */ = {
			isa = PBXResourcesBuildPhase;
			buildActionMask = 2147483647;
			files = (
				4CB015732AD4DBC00023C71E /* Preview Assets.xcassets in Resources */,
				4CB015702AD4DBC00023C71E /* Assets.xcassets in Resources */,
			);
			runOnlyForDeploymentPostprocessing = 0;
		};
/* End PBXResourcesBuildPhase section */

/* Begin PBXSourcesBuildPhase section */
		4CB015522AD4DBBC0023C71E /* Sources */ = {
			isa = PBXSourcesBuildPhase;
			buildActionMask = 2147483647;
			files = (
				9318D3D22ADE2A5C00245AFF /* UserProfile.swift in Sources */,
				7D02E7792ADD038700923AFB /* DateExt.swift in Sources */,
				7D02E7782ADD035D00923AFB /* ChargingRange.swift in Sources */,
				7D02E7732ADD029900923AFB /* UserData.swift in Sources */,
				7D02E7742ADD029900923AFB /* Invite.swift in Sources */,
				4CA232A42ADE1F4F003874D2 /* DataUser.swift in Sources */,
				4C6049C52AD7948F00E9F0BF /* MainViewModel.swift in Sources */,
				9318D38D2ADCD1C800245AFF /* TestChargingView.swift in Sources */,
				4CB0155C2AD4DBBC0023C71E /* ContentView.swift in Sources */,
				4CB0157F2AD4E5F60023C71E /* LoginView.swift in Sources */,
				4CA232B52ADE2112003874D2 /* WatchConnectorService.swift in Sources */,
				4C6049C72AD7968700E9F0BF /* MainView.swift in Sources */,
				4C6049C92AD799F200E9F0BF /* SignUpView.swift in Sources */,
				8DDFD0702ADD24E000A022FE /* InactivityChart.swift in Sources */,
				9318D3892ADCD18600245AFF /* ChargingViewModel.swift in Sources */,
				4C47302F2AD9761E0025F089 /* SignUpViewModel.swift in Sources */,
				4C47302A2AD8DC750025F089 /* AuthService.swift in Sources */,
				4C47302C2AD9760C0025F089 /* LoginViewModel.swift in Sources */,
				8DDFD0722ADD2EDB00A022FE /* HistoryViewModel.swift in Sources */,
				9318D38B2ADCD1AC00245AFF /* ChartData.swift in Sources */,
				7D02E7252ADCC97200923AFB /* HistoryView.swift in Sources */,
				4CB0155A2AD4DBBC0023C71E /* YTeamApp.swift in Sources */,
				4CA232A52ADE1F4F003874D2 /* UserRecord.swift in Sources */,
				7D02E7212AD8ECD500923AFB /* Screen.swift in Sources */,
				8DDFD0742ADD3F5A00A022FE /* ChooseRoleView.swift in Sources */,
			);
			runOnlyForDeploymentPostprocessing = 0;
		};
		4CB015622AD4DBBF0023C71E /* Sources */ = {
			isa = PBXSourcesBuildPhase;
			buildActionMask = 2147483647;
			files = (
				7D02E76E2ADD023E00923AFB /* ChargingRange.swift in Sources */,
				7D02E76C2ADD023E00923AFB /* TestChargingView.swift in Sources */,
				7D02E7632ADD023E00923AFB /* IdleDetectionViewModel.swift in Sources */,
				4CA2329D2ADE1F15003874D2 /* MainView.swift in Sources */,
				7D02E76B2ADD023E00923AFB /* APIEnums.swift in Sources */,
				7D02E76A2ADD023E00923AFB /* APIConstants.swift in Sources */,
				7D02E7672ADD023E00923AFB /* WatchConnectorManageWatch.swift in Sources */,
				4CA232992ADE1EF1003874D2 /* Invite.swift in Sources */,
				7D02E7622ADD023E00923AFB /* LocationVIewModel.swift in Sources */,
				4CA232972ADE1EF1003874D2 /* UserRecord.swift in Sources */,
				4CB0156E2AD4DBBF0023C71E /* ContentView.swift in Sources */,
				7D02E77B2ADD39D800923AFB /* CoreMotionManager.swift in Sources */,
				4CA232982ADE1EF1003874D2 /* ChartData.swift in Sources */,
				7D02E7682ADD023E00923AFB /* CalendarExt.swift in Sources */,
				7D02E76D2ADD023E00923AFB /* IdleDetectionView.swift in Sources */,
				7D02E7642ADD023E00923AFB /* ChargingViewModel.swift in Sources */,
				4CB0156C2AD4DBBF0023C71E /* YTeamApp.swift in Sources */,
				4CA232A02ADE1F1D003874D2 /* TestAuthViewModel.swift in Sources */,
				7D02E7702ADD023E00923AFB /* UserProfile.swift in Sources */,
				4CA2329B2ADE1EF1003874D2 /* UserData.swift in Sources */,
				7D02E7662ADD023E00923AFB /* FallDetectionManager.swift in Sources */,
				7D02E7652ADD023E00923AFB /* DataService.swift in Sources */,
				4CA232A12ADE1F1D003874D2 /* TestAuthConnector.swift in Sources */,
				7D02E7692ADD023E00923AFB /* DateExt.swift in Sources */,
				4CA232B72ADE48F7003874D2 /* Fall.swift in Sources */,
				8D7D73062ADE247D00251550 /* Inactivity.swift in Sources */,
				4CA2329A2ADE1EF1003874D2 /* DataUser.swift in Sources */,
			);
			runOnlyForDeploymentPostprocessing = 0;
		};
/* End PBXSourcesBuildPhase section */

/* Begin PBXTargetDependency section */
		4CB015692AD4DBBF0023C71E /* PBXTargetDependency */ = {
			isa = PBXTargetDependency;
			target = 4CB015652AD4DBBF0023C71E /* YTeam Watch App */;
			targetProxy = 4CB015682AD4DBBF0023C71E /* PBXContainerItemProxy */;
		};
/* End PBXTargetDependency section */

/* Begin XCBuildConfiguration section */
		4CB015742AD4DBC00023C71E /* Debug */ = {
			isa = XCBuildConfiguration;
			buildSettings = {
				ALWAYS_SEARCH_USER_PATHS = NO;
				ASSETCATALOG_COMPILER_GENERATE_SWIFT_ASSET_SYMBOL_EXTENSIONS = YES;
				CLANG_ANALYZER_NONNULL = YES;
				CLANG_ANALYZER_NUMBER_OBJECT_CONVERSION = YES_AGGRESSIVE;
				CLANG_CXX_LANGUAGE_STANDARD = "gnu++20";
				CLANG_ENABLE_MODULES = YES;
				CLANG_ENABLE_OBJC_ARC = YES;
				CLANG_ENABLE_OBJC_WEAK = YES;
				CLANG_WARN_BLOCK_CAPTURE_AUTORELEASING = YES;
				CLANG_WARN_BOOL_CONVERSION = YES;
				CLANG_WARN_COMMA = YES;
				CLANG_WARN_CONSTANT_CONVERSION = YES;
				CLANG_WARN_DEPRECATED_OBJC_IMPLEMENTATIONS = YES;
				CLANG_WARN_DIRECT_OBJC_ISA_USAGE = YES_ERROR;
				CLANG_WARN_DOCUMENTATION_COMMENTS = YES;
				CLANG_WARN_EMPTY_BODY = YES;
				CLANG_WARN_ENUM_CONVERSION = YES;
				CLANG_WARN_INFINITE_RECURSION = YES;
				CLANG_WARN_INT_CONVERSION = YES;
				CLANG_WARN_NON_LITERAL_NULL_CONVERSION = YES;
				CLANG_WARN_OBJC_IMPLICIT_RETAIN_SELF = YES;
				CLANG_WARN_OBJC_LITERAL_CONVERSION = YES;
				CLANG_WARN_OBJC_ROOT_CLASS = YES_ERROR;
				CLANG_WARN_QUOTED_INCLUDE_IN_FRAMEWORK_HEADER = YES;
				CLANG_WARN_RANGE_LOOP_ANALYSIS = YES;
				CLANG_WARN_STRICT_PROTOTYPES = YES;
				CLANG_WARN_SUSPICIOUS_MOVE = YES;
				CLANG_WARN_UNGUARDED_AVAILABILITY = YES_AGGRESSIVE;
				CLANG_WARN_UNREACHABLE_CODE = YES;
				CLANG_WARN__DUPLICATE_METHOD_MATCH = YES;
				COPY_PHASE_STRIP = NO;
				DEBUG_INFORMATION_FORMAT = dwarf;
				ENABLE_STRICT_OBJC_MSGSEND = YES;
				ENABLE_TESTABILITY = YES;
				ENABLE_USER_SCRIPT_SANDBOXING = YES;
				GCC_C_LANGUAGE_STANDARD = gnu17;
				GCC_DYNAMIC_NO_PIC = NO;
				GCC_NO_COMMON_BLOCKS = YES;
				GCC_OPTIMIZATION_LEVEL = 0;
				GCC_PREPROCESSOR_DEFINITIONS = (
					"DEBUG=1",
					"$(inherited)",
				);
				GCC_WARN_64_TO_32_BIT_CONVERSION = YES;
				GCC_WARN_ABOUT_RETURN_TYPE = YES_ERROR;
				GCC_WARN_UNDECLARED_SELECTOR = YES;
				GCC_WARN_UNINITIALIZED_AUTOS = YES_AGGRESSIVE;
				GCC_WARN_UNUSED_FUNCTION = YES;
				GCC_WARN_UNUSED_VARIABLE = YES;
				LOCALIZATION_PREFERS_STRING_CATALOGS = YES;
				MTL_ENABLE_DEBUG_INFO = INCLUDE_SOURCE;
				MTL_FAST_MATH = YES;
				ONLY_ACTIVE_ARCH = YES;
				SWIFT_ACTIVE_COMPILATION_CONDITIONS = "DEBUG $(inherited)";
				SWIFT_OPTIMIZATION_LEVEL = "-Onone";
			};
			name = Debug;
		};
		4CB015752AD4DBC00023C71E /* Release */ = {
			isa = XCBuildConfiguration;
			buildSettings = {
				ALWAYS_SEARCH_USER_PATHS = NO;
				ASSETCATALOG_COMPILER_GENERATE_SWIFT_ASSET_SYMBOL_EXTENSIONS = YES;
				CLANG_ANALYZER_NONNULL = YES;
				CLANG_ANALYZER_NUMBER_OBJECT_CONVERSION = YES_AGGRESSIVE;
				CLANG_CXX_LANGUAGE_STANDARD = "gnu++20";
				CLANG_ENABLE_MODULES = YES;
				CLANG_ENABLE_OBJC_ARC = YES;
				CLANG_ENABLE_OBJC_WEAK = YES;
				CLANG_WARN_BLOCK_CAPTURE_AUTORELEASING = YES;
				CLANG_WARN_BOOL_CONVERSION = YES;
				CLANG_WARN_COMMA = YES;
				CLANG_WARN_CONSTANT_CONVERSION = YES;
				CLANG_WARN_DEPRECATED_OBJC_IMPLEMENTATIONS = YES;
				CLANG_WARN_DIRECT_OBJC_ISA_USAGE = YES_ERROR;
				CLANG_WARN_DOCUMENTATION_COMMENTS = YES;
				CLANG_WARN_EMPTY_BODY = YES;
				CLANG_WARN_ENUM_CONVERSION = YES;
				CLANG_WARN_INFINITE_RECURSION = YES;
				CLANG_WARN_INT_CONVERSION = YES;
				CLANG_WARN_NON_LITERAL_NULL_CONVERSION = YES;
				CLANG_WARN_OBJC_IMPLICIT_RETAIN_SELF = YES;
				CLANG_WARN_OBJC_LITERAL_CONVERSION = YES;
				CLANG_WARN_OBJC_ROOT_CLASS = YES_ERROR;
				CLANG_WARN_QUOTED_INCLUDE_IN_FRAMEWORK_HEADER = YES;
				CLANG_WARN_RANGE_LOOP_ANALYSIS = YES;
				CLANG_WARN_STRICT_PROTOTYPES = YES;
				CLANG_WARN_SUSPICIOUS_MOVE = YES;
				CLANG_WARN_UNGUARDED_AVAILABILITY = YES_AGGRESSIVE;
				CLANG_WARN_UNREACHABLE_CODE = YES;
				CLANG_WARN__DUPLICATE_METHOD_MATCH = YES;
				COPY_PHASE_STRIP = NO;
				DEBUG_INFORMATION_FORMAT = "dwarf-with-dsym";
				ENABLE_NS_ASSERTIONS = NO;
				ENABLE_STRICT_OBJC_MSGSEND = YES;
				ENABLE_USER_SCRIPT_SANDBOXING = YES;
				GCC_C_LANGUAGE_STANDARD = gnu17;
				GCC_NO_COMMON_BLOCKS = YES;
				GCC_WARN_64_TO_32_BIT_CONVERSION = YES;
				GCC_WARN_ABOUT_RETURN_TYPE = YES_ERROR;
				GCC_WARN_UNDECLARED_SELECTOR = YES;
				GCC_WARN_UNINITIALIZED_AUTOS = YES_AGGRESSIVE;
				GCC_WARN_UNUSED_FUNCTION = YES;
				GCC_WARN_UNUSED_VARIABLE = YES;
				LOCALIZATION_PREFERS_STRING_CATALOGS = YES;
				MTL_ENABLE_DEBUG_INFO = NO;
				MTL_FAST_MATH = YES;
				SWIFT_COMPILATION_MODE = wholemodule;
			};
			name = Release;
		};
		4CB015772AD4DBC00023C71E /* Debug */ = {
			isa = XCBuildConfiguration;
			buildSettings = {
				ASSETCATALOG_COMPILER_APPICON_NAME = AppIcon;
				ASSETCATALOG_COMPILER_GLOBAL_ACCENT_COLOR_NAME = AccentColor;
				CODE_SIGN_ENTITLEMENTS = "YTeam Watch App/YTeam Watch App.entitlements";
				CODE_SIGN_STYLE = Automatic;
				CURRENT_PROJECT_VERSION = 1;
				DEVELOPMENT_ASSET_PATHS = "\"YTeam Watch App/Preview Content\"";
				DEVELOPMENT_TEAM = 594Q84397D;
				ENABLE_PREVIEWS = YES;
				GENERATE_INFOPLIST_FILE = YES;
				INFOPLIST_FILE = "YTeam-Watch-App-Info.plist";
				INFOPLIST_KEY_CFBundleDisplayName = YTeam;
				INFOPLIST_KEY_NSFallDetectionUsageDescription = "";
				INFOPLIST_KEY_NSLocationAlwaysAndWhenInUseUsageDescription = "";
				INFOPLIST_KEY_NSLocationWhenInUseUsageDescription = "";
				INFOPLIST_KEY_UISupportedInterfaceOrientations = "UIInterfaceOrientationPortrait UIInterfaceOrientationPortraitUpsideDown";
				INFOPLIST_KEY_WKCompanionAppBundleIdentifier = com.ada.YTeam;
				LD_RUNPATH_SEARCH_PATHS = (
					"$(inherited)",
					"@executable_path/Frameworks",
				);
				MARKETING_VERSION = 1.0;
				PRODUCT_BUNDLE_IDENTIFIER = com.ada.YTeam.watchkitapp;
				PRODUCT_NAME = "$(TARGET_NAME)";
				SDKROOT = watchos;
				SKIP_INSTALL = YES;
				SWIFT_EMIT_LOC_STRINGS = YES;
				SWIFT_VERSION = 5.0;
				TARGETED_DEVICE_FAMILY = 4;
				WATCHOS_DEPLOYMENT_TARGET = 9.6;
			};
			name = Debug;
		};
		4CB015782AD4DBC00023C71E /* Release */ = {
			isa = XCBuildConfiguration;
			buildSettings = {
				ASSETCATALOG_COMPILER_APPICON_NAME = AppIcon;
				ASSETCATALOG_COMPILER_GLOBAL_ACCENT_COLOR_NAME = AccentColor;
				CODE_SIGN_ENTITLEMENTS = "YTeam Watch App/YTeam Watch App.entitlements";
				CODE_SIGN_STYLE = Automatic;
				CURRENT_PROJECT_VERSION = 1;
				DEVELOPMENT_ASSET_PATHS = "\"YTeam Watch App/Preview Content\"";
				DEVELOPMENT_TEAM = 594Q84397D;
				ENABLE_PREVIEWS = YES;
				GENERATE_INFOPLIST_FILE = YES;
				INFOPLIST_FILE = "YTeam-Watch-App-Info.plist";
				INFOPLIST_KEY_CFBundleDisplayName = YTeam;
				INFOPLIST_KEY_NSFallDetectionUsageDescription = "";
				INFOPLIST_KEY_NSLocationAlwaysAndWhenInUseUsageDescription = "";
				INFOPLIST_KEY_NSLocationWhenInUseUsageDescription = "";
				INFOPLIST_KEY_UISupportedInterfaceOrientations = "UIInterfaceOrientationPortrait UIInterfaceOrientationPortraitUpsideDown";
				INFOPLIST_KEY_WKCompanionAppBundleIdentifier = com.ada.YTeam;
				LD_RUNPATH_SEARCH_PATHS = (
					"$(inherited)",
					"@executable_path/Frameworks",
				);
				MARKETING_VERSION = 1.0;
				PRODUCT_BUNDLE_IDENTIFIER = com.ada.YTeam.watchkitapp;
				PRODUCT_NAME = "$(TARGET_NAME)";
				SDKROOT = watchos;
				SKIP_INSTALL = YES;
				SWIFT_EMIT_LOC_STRINGS = YES;
				SWIFT_VERSION = 5.0;
				TARGETED_DEVICE_FAMILY = 4;
				VALIDATE_PRODUCT = YES;
				WATCHOS_DEPLOYMENT_TARGET = 9.6;
			};
			name = Release;
		};
		4CB0157B2AD4DBC00023C71E /* Debug */ = {
			isa = XCBuildConfiguration;
			buildSettings = {
				ALWAYS_EMBED_SWIFT_STANDARD_LIBRARIES = YES;
				ASSETCATALOG_COMPILER_APPICON_NAME = AppIcon;
				ASSETCATALOG_COMPILER_GLOBAL_ACCENT_COLOR_NAME = AccentColor;
				CODE_SIGN_ENTITLEMENTS = YTeam/YTeam.entitlements;
				CODE_SIGN_STYLE = Automatic;
				CURRENT_PROJECT_VERSION = 1;
				DEVELOPMENT_ASSET_PATHS = "\"YTeam/Preview Content\"";
				DEVELOPMENT_TEAM = 594Q84397D;
				ENABLE_PREVIEWS = YES;
				GENERATE_INFOPLIST_FILE = YES;
				INFOPLIST_FILE = YTeam/Info.plist;
				INFOPLIST_KEY_CFBundleDisplayName = YTeam;
				INFOPLIST_KEY_UIApplicationSceneManifest_Generation = YES;
				INFOPLIST_KEY_UIApplicationSupportsIndirectInputEvents = YES;
				INFOPLIST_KEY_UILaunchScreen_Generation = YES;
				INFOPLIST_KEY_UISupportedInterfaceOrientations_iPad = "UIInterfaceOrientationPortrait UIInterfaceOrientationPortraitUpsideDown UIInterfaceOrientationLandscapeLeft UIInterfaceOrientationLandscapeRight";
				INFOPLIST_KEY_UISupportedInterfaceOrientations_iPhone = "UIInterfaceOrientationPortrait UIInterfaceOrientationLandscapeLeft UIInterfaceOrientationLandscapeRight";
				IPHONEOS_DEPLOYMENT_TARGET = 17.0;
				LD_RUNPATH_SEARCH_PATHS = (
					"$(inherited)",
					"@executable_path/Frameworks",
				);
				MARKETING_VERSION = 1.0;
				PRODUCT_BUNDLE_IDENTIFIER = com.ada.YTeam;
				PRODUCT_NAME = "$(TARGET_NAME)";
				SDKROOT = iphoneos;
				SWIFT_EMIT_LOC_STRINGS = YES;
				SWIFT_VERSION = 5.0;
				TARGETED_DEVICE_FAMILY = "1,2";
			};
			name = Debug;
		};
		4CB0157C2AD4DBC00023C71E /* Release */ = {
			isa = XCBuildConfiguration;
			buildSettings = {
				ALWAYS_EMBED_SWIFT_STANDARD_LIBRARIES = YES;
				ASSETCATALOG_COMPILER_APPICON_NAME = AppIcon;
				ASSETCATALOG_COMPILER_GLOBAL_ACCENT_COLOR_NAME = AccentColor;
				CODE_SIGN_ENTITLEMENTS = YTeam/YTeam.entitlements;
				CODE_SIGN_STYLE = Automatic;
				CURRENT_PROJECT_VERSION = 1;
				DEVELOPMENT_ASSET_PATHS = "\"YTeam/Preview Content\"";
				DEVELOPMENT_TEAM = 594Q84397D;
				ENABLE_PREVIEWS = YES;
				GENERATE_INFOPLIST_FILE = YES;
				INFOPLIST_FILE = YTeam/Info.plist;
				INFOPLIST_KEY_CFBundleDisplayName = YTeam;
				INFOPLIST_KEY_UIApplicationSceneManifest_Generation = YES;
				INFOPLIST_KEY_UIApplicationSupportsIndirectInputEvents = YES;
				INFOPLIST_KEY_UILaunchScreen_Generation = YES;
				INFOPLIST_KEY_UISupportedInterfaceOrientations_iPad = "UIInterfaceOrientationPortrait UIInterfaceOrientationPortraitUpsideDown UIInterfaceOrientationLandscapeLeft UIInterfaceOrientationLandscapeRight";
				INFOPLIST_KEY_UISupportedInterfaceOrientations_iPhone = "UIInterfaceOrientationPortrait UIInterfaceOrientationLandscapeLeft UIInterfaceOrientationLandscapeRight";
				IPHONEOS_DEPLOYMENT_TARGET = 17.0;
				LD_RUNPATH_SEARCH_PATHS = (
					"$(inherited)",
					"@executable_path/Frameworks",
				);
				MARKETING_VERSION = 1.0;
				PRODUCT_BUNDLE_IDENTIFIER = com.ada.YTeam;
				PRODUCT_NAME = "$(TARGET_NAME)";
				SDKROOT = iphoneos;
				SWIFT_EMIT_LOC_STRINGS = YES;
				SWIFT_VERSION = 5.0;
				TARGETED_DEVICE_FAMILY = "1,2";
				VALIDATE_PRODUCT = YES;
			};
			name = Release;
		};
/* End XCBuildConfiguration section */

/* Begin XCConfigurationList section */
		4CB015512AD4DBBC0023C71E /* Build configuration list for PBXProject "YTeam" */ = {
			isa = XCConfigurationList;
			buildConfigurations = (
				4CB015742AD4DBC00023C71E /* Debug */,
				4CB015752AD4DBC00023C71E /* Release */,
			);
			defaultConfigurationIsVisible = 0;
			defaultConfigurationName = Release;
		};
		4CB015762AD4DBC00023C71E /* Build configuration list for PBXNativeTarget "YTeam Watch App" */ = {
			isa = XCConfigurationList;
			buildConfigurations = (
				4CB015772AD4DBC00023C71E /* Debug */,
				4CB015782AD4DBC00023C71E /* Release */,
			);
			defaultConfigurationIsVisible = 0;
			defaultConfigurationName = Release;
		};
		4CB0157A2AD4DBC00023C71E /* Build configuration list for PBXNativeTarget "YTeam" */ = {
			isa = XCConfigurationList;
			buildConfigurations = (
				4CB0157B2AD4DBC00023C71E /* Debug */,
				4CB0157C2AD4DBC00023C71E /* Release */,
			);
			defaultConfigurationIsVisible = 0;
			defaultConfigurationName = Release;
		};
/* End XCConfigurationList section */

/* Begin XCRemoteSwiftPackageReference section */
		4C6049A32AD78F4D00E9F0BF /* XCRemoteSwiftPackageReference "firebase-ios-sdk" */ = {
			isa = XCRemoteSwiftPackageReference;
			repositoryURL = "https://github.com/firebase/firebase-ios-sdk";
			requirement = {
				kind = upToNextMajorVersion;
				minimumVersion = 10.16.0;
			};
		};
/* End XCRemoteSwiftPackageReference section */

/* Begin XCSwiftPackageProductDependency section */
		4C6049A42AD78F4D00E9F0BF /* FirebaseAnalytics */ = {
			isa = XCSwiftPackageProductDependency;
			package = 4C6049A32AD78F4D00E9F0BF /* XCRemoteSwiftPackageReference "firebase-ios-sdk" */;
			productName = FirebaseAnalytics;
		};
		4C6049A62AD7917A00E9F0BF /* FirebaseAuth */ = {
			isa = XCSwiftPackageProductDependency;
			package = 4C6049A32AD78F4D00E9F0BF /* XCRemoteSwiftPackageReference "firebase-ios-sdk" */;
			productName = FirebaseAuth;
		};
		4C6049CA2AD79DDA00E9F0BF /* FirebaseFirestore */ = {
			isa = XCSwiftPackageProductDependency;
			package = 4C6049A32AD78F4D00E9F0BF /* XCRemoteSwiftPackageReference "firebase-ios-sdk" */;
			productName = FirebaseFirestore;
		};
		4C6049CF2AD7C6E000E9F0BF /* FirebaseFirestoreSwift */ = {
			isa = XCSwiftPackageProductDependency;
			package = 4C6049A32AD78F4D00E9F0BF /* XCRemoteSwiftPackageReference "firebase-ios-sdk" */;
			productName = FirebaseFirestoreSwift;
		};
		4CA2328F2ADD119B003874D2 /* FirebaseMessaging */ = {
			isa = XCSwiftPackageProductDependency;
			package = 4C6049A32AD78F4D00E9F0BF /* XCRemoteSwiftPackageReference "firebase-ios-sdk" */;
			productName = FirebaseMessaging;
		};
		9318D39B2ADCD92B00245AFF /* FirebaseAuth */ = {
			isa = XCSwiftPackageProductDependency;
			package = 4C6049A32AD78F4D00E9F0BF /* XCRemoteSwiftPackageReference "firebase-ios-sdk" */;
			productName = FirebaseAuth;
		};
/* End XCSwiftPackageProductDependency section */
	};
	rootObject = 4CB0154E2AD4DBBC0023C71E /* Project object */;
}
