// !$*UTF8*$!
{
	archiveVersion = 1;
	classes = {
	};
	objectVersion = 56;
	objects = {

/* Begin PBXBuildFile section */
		4CB0155A2AD4DBBC0023C71E /* YTeamApp.swift in Sources */ = {isa = PBXBuildFile; fileRef = 4CB015592AD4DBBC0023C71E /* YTeamApp.swift */; };
		4CB0155C2AD4DBBC0023C71E /* ContentView.swift in Sources */ = {isa = PBXBuildFile; fileRef = 4CB0155B2AD4DBBC0023C71E /* ContentView.swift */; };
		4CB0155E2AD4DBBF0023C71E /* Assets.xcassets in Resources */ = {isa = PBXBuildFile; fileRef = 4CB0155D2AD4DBBF0023C71E /* Assets.xcassets */; };
		4CB015612AD4DBBF0023C71E /* Preview Assets.xcassets in Resources */ = {isa = PBXBuildFile; fileRef = 4CB015602AD4DBBF0023C71E /* Preview Assets.xcassets */; };
		4CB015672AD4DBBF0023C71E /* YTeam Watch App.app in Embed Watch Content */ = {isa = PBXBuildFile; fileRef = 4CB015662AD4DBBF0023C71E /* YTeam Watch App.app */; settings = {ATTRIBUTES = (RemoveHeadersOnCopy, ); }; };
		4CB0156C2AD4DBBF0023C71E /* YTeamApp.swift in Sources */ = {isa = PBXBuildFile; fileRef = 4CB0156B2AD4DBBF0023C71E /* YTeamApp.swift */; };
		4CB0156E2AD4DBBF0023C71E /* ContentView.swift in Sources */ = {isa = PBXBuildFile; fileRef = 4CB0156D2AD4DBBF0023C71E /* ContentView.swift */; };
		4CB015702AD4DBC00023C71E /* Assets.xcassets in Resources */ = {isa = PBXBuildFile; fileRef = 4CB0156F2AD4DBC00023C71E /* Assets.xcassets */; };
		4CB015732AD4DBC00023C71E /* Preview Assets.xcassets in Resources */ = {isa = PBXBuildFile; fileRef = 4CB015722AD4DBC00023C71E /* Preview Assets.xcassets */; };
		7D02E7212AD8ECD500923AFB /* Screen.swift in Sources */ = {isa = PBXBuildFile; fileRef = 7D02E7202AD8ECD500923AFB /* Screen.swift */; };
		7D02E7252ADCC97200923AFB /* HistoryView.swift in Sources */ = {isa = PBXBuildFile; fileRef = 7D02E7242ADCC97200923AFB /* HistoryView.swift */; };
/* End PBXBuildFile section */

/* Begin PBXContainerItemProxy section */
		4CB015682AD4DBBF0023C71E /* PBXContainerItemProxy */ = {
			isa = PBXContainerItemProxy;
			containerPortal = 4CB0154E2AD4DBBC0023C71E /* Project object */;
			proxyType = 1;
			remoteGlobalIDString = 4CB015652AD4DBBF0023C71E;
			remoteInfo = "YTeam Watch App";
		};
/* End PBXContainerItemProxy section */

/* Begin PBXCopyFilesBuildPhase section */
		4CB015792AD4DBC00023C71E /* Embed Watch Content */ = {
			isa = PBXCopyFilesBuildPhase;
			buildActionMask = 2147483647;
			dstPath = "$(CONTENTS_FOLDER_PATH)/Watch";
			dstSubfolderSpec = 16;
			files = (
				4CB015672AD4DBBF0023C71E /* YTeam Watch App.app in Embed Watch Content */,
			);
			name = "Embed Watch Content";
			runOnlyForDeploymentPostprocessing = 0;
		};
/* End PBXCopyFilesBuildPhase section */

/* Begin PBXFileReference section */
		4CB015562AD4DBBC0023C71E /* YTeam.app */ = {isa = PBXFileReference; explicitFileType = wrapper.application; includeInIndex = 0; path = YTeam.app; sourceTree = BUILT_PRODUCTS_DIR; };
		4CB015592AD4DBBC0023C71E /* YTeamApp.swift */ = {isa = PBXFileReference; lastKnownFileType = sourcecode.swift; path = YTeamApp.swift; sourceTree = "<group>"; };
		4CB0155B2AD4DBBC0023C71E /* ContentView.swift */ = {isa = PBXFileReference; lastKnownFileType = sourcecode.swift; path = ContentView.swift; sourceTree = "<group>"; };
		4CB0155D2AD4DBBF0023C71E /* Assets.xcassets */ = {isa = PBXFileReference; lastKnownFileType = folder.assetcatalog; path = Assets.xcassets; sourceTree = "<group>"; };
		4CB015602AD4DBBF0023C71E /* Preview Assets.xcassets */ = {isa = PBXFileReference; lastKnownFileType = folder.assetcatalog; path = "Preview Assets.xcassets"; sourceTree = "<group>"; };
		4CB015662AD4DBBF0023C71E /* YTeam Watch App.app */ = {isa = PBXFileReference; explicitFileType = wrapper.application; includeInIndex = 0; path = "YTeam Watch App.app"; sourceTree = BUILT_PRODUCTS_DIR; };
		4CB0156B2AD4DBBF0023C71E /* YTeamApp.swift */ = {isa = PBXFileReference; lastKnownFileType = sourcecode.swift; path = YTeamApp.swift; sourceTree = "<group>"; };
		4CB0156D2AD4DBBF0023C71E /* ContentView.swift */ = {isa = PBXFileReference; lastKnownFileType = sourcecode.swift; path = ContentView.swift; sourceTree = "<group>"; };
		4CB0156F2AD4DBC00023C71E /* Assets.xcassets */ = {isa = PBXFileReference; lastKnownFileType = folder.assetcatalog; path = Assets.xcassets; sourceTree = "<group>"; };
		4CB015722AD4DBC00023C71E /* Preview Assets.xcassets */ = {isa = PBXFileReference; lastKnownFileType = folder.assetcatalog; path = "Preview Assets.xcassets"; sourceTree = "<group>"; };
		7D02E7202AD8ECD500923AFB /* Screen.swift */ = {isa = PBXFileReference; lastKnownFileType = sourcecode.swift; path = Screen.swift; sourceTree = "<group>"; };
		7D02E7242ADCC97200923AFB /* HistoryView.swift */ = {isa = PBXFileReference; lastKnownFileType = sourcecode.swift; path = HistoryView.swift; sourceTree = "<group>"; };
/* End PBXFileReference section */

/* Begin PBXFrameworksBuildPhase section */
		4CB015532AD4DBBC0023C71E /* Frameworks */ = {
			isa = PBXFrameworksBuildPhase;
			buildActionMask = 2147483647;
			files = (
			);
			runOnlyForDeploymentPostprocessing = 0;
		};
		4CB015632AD4DBBF0023C71E /* Frameworks */ = {
			isa = PBXFrameworksBuildPhase;
			buildActionMask = 2147483647;
			files = (
			);
			runOnlyForDeploymentPostprocessing = 0;
		};
/* End PBXFrameworksBuildPhase section */

/* Begin PBXGroup section */
		4CB0154D2AD4DBBC0023C71E = {
			isa = PBXGroup;
			children = (
				4CB015582AD4DBBC0023C71E /* YTeam */,
				4CB0156A2AD4DBBF0023C71E /* YTeam Watch App */,
				4CB015572AD4DBBC0023C71E /* Products */,
			);
			sourceTree = "<group>";
		};
		4CB015572AD4DBBC0023C71E /* Products */ = {
			isa = PBXGroup;
			children = (
				4CB015562AD4DBBC0023C71E /* YTeam.app */,
				4CB015662AD4DBBF0023C71E /* YTeam Watch App.app */,
			);
			name = Products;
			sourceTree = "<group>";
		};
		4CB015582AD4DBBC0023C71E /* YTeam */ = {
			isa = PBXGroup;
			children = (
				7D02E71F2AD8ECA300923AFB /* Utilities */,
				4CB015592AD4DBBC0023C71E /* YTeamApp.swift */,
				4CB0155B2AD4DBBC0023C71E /* ContentView.swift */,
				4CB0155D2AD4DBBF0023C71E /* Assets.xcassets */,
				4CB0155F2AD4DBBF0023C71E /* Preview Content */,
				7D02E7242ADCC97200923AFB /* HistoryView.swift */,
			);
			path = YTeam;
			sourceTree = "<group>";
		};
		4CB0155F2AD4DBBF0023C71E /* Preview Content */ = {
			isa = PBXGroup;
			children = (
				4CB015602AD4DBBF0023C71E /* Preview Assets.xcassets */,
			);
			path = "Preview Content";
			sourceTree = "<group>";
		};
		4CB0156A2AD4DBBF0023C71E /* YTeam Watch App */ = {
			isa = PBXGroup;
			children = (
				4CB0156B2AD4DBBF0023C71E /* YTeamApp.swift */,
				4CB0156D2AD4DBBF0023C71E /* ContentView.swift */,
				4CB0156F2AD4DBC00023C71E /* Assets.xcassets */,
				4CB015712AD4DBC00023C71E /* Preview Content */,
			);
			path = "YTeam Watch App";
			sourceTree = "<group>";
		};
		4CB015712AD4DBC00023C71E /* Preview Content */ = {
			isa = PBXGroup;
			children = (
				4CB015722AD4DBC00023C71E /* Preview Assets.xcassets */,
			);
			path = "Preview Content";
			sourceTree = "<group>";
		};
		7D02E71F2AD8ECA300923AFB /* Utilities */ = {
			isa = PBXGroup;
			children = (
				7D02E7202AD8ECD500923AFB /* Screen.swift */,
			);
			path = Utilities;
			sourceTree = "<group>";
		};
/* End PBXGroup section */

/* Begin PBXNativeTarget section */
		4CB015552AD4DBBC0023C71E /* YTeam */ = {
			isa = PBXNativeTarget;
			buildConfigurationList = 4CB0157A2AD4DBC00023C71E /* Build configuration list for PBXNativeTarget "YTeam" */;
			buildPhases = (
				4CB015522AD4DBBC0023C71E /* Sources */,
				4CB015532AD4DBBC0023C71E /* Frameworks */,
				4CB015542AD4DBBC0023C71E /* Resources */,
				4CB015792AD4DBC00023C71E /* Embed Watch Content */,
			);
			buildRules = (
			);
			dependencies = (
				4CB015692AD4DBBF0023C71E /* PBXTargetDependency */,
			);
			name = YTeam;
			productName = YTeam;
			productReference = 4CB015562AD4DBBC0023C71E /* YTeam.app */;
			productType = "com.apple.product-type.application";
		};
		4CB015652AD4DBBF0023C71E /* YTeam Watch App */ = {
			isa = PBXNativeTarget;
			buildConfigurationList = 4CB015762AD4DBC00023C71E /* Build configuration list for PBXNativeTarget "YTeam Watch App" */;
			buildPhases = (
				4CB015622AD4DBBF0023C71E /* Sources */,
				4CB015632AD4DBBF0023C71E /* Frameworks */,
				4CB015642AD4DBBF0023C71E /* Resources */,
			);
			buildRules = (
			);
			dependencies = (
			);
			name = "YTeam Watch App";
			productName = "YTeam Watch App";
			productReference = 4CB015662AD4DBBF0023C71E /* YTeam Watch App.app */;
			productType = "com.apple.product-type.application";
		};
/* End PBXNativeTarget section */

/* Begin PBXProject section */
		4CB0154E2AD4DBBC0023C71E /* Project object */ = {
			isa = PBXProject;
			attributes = {
				BuildIndependentTargetsInParallel = 1;
				LastSwiftUpdateCheck = 1500;
				LastUpgradeCheck = 1500;
				TargetAttributes = {
					4CB015552AD4DBBC0023C71E = {
						CreatedOnToolsVersion = 15.0;
					};
					4CB015652AD4DBBF0023C71E = {
						CreatedOnToolsVersion = 15.0;
					};
				};
			};
			buildConfigurationList = 4CB015512AD4DBBC0023C71E /* Build configuration list for PBXProject "YTeam" */;
			compatibilityVersion = "Xcode 14.0";
			developmentRegion = en;
			hasScannedForEncodings = 0;
			knownRegions = (
				en,
				Base,
			);
			mainGroup = 4CB0154D2AD4DBBC0023C71E;
			productRefGroup = 4CB015572AD4DBBC0023C71E /* Products */;
			projectDirPath = "";
			projectRoot = "";
			targets = (
				4CB015552AD4DBBC0023C71E /* YTeam */,
				4CB015652AD4DBBF0023C71E /* YTeam Watch App */,
			);
		};
/* End PBXProject section */

/* Begin PBXResourcesBuildPhase section */
		4CB015542AD4DBBC0023C71E /* Resources */ = {
			isa = PBXResourcesBuildPhase;
			buildActionMask = 2147483647;
			files = (
				4CB015612AD4DBBF0023C71E /* Preview Assets.xcassets in Resources */,
				4CB0155E2AD4DBBF0023C71E /* Assets.xcassets in Resources */,
			);
			runOnlyForDeploymentPostprocessing = 0;
		};
		4CB015642AD4DBBF0023C71E /* Resources */ = {
			isa = PBXResourcesBuildPhase;
			buildActionMask = 2147483647;
			files = (
				4CB015732AD4DBC00023C71E /* Preview Assets.xcassets in Resources */,
				4CB015702AD4DBC00023C71E /* Assets.xcassets in Resources */,
			);
			runOnlyForDeploymentPostprocessing = 0;
		};
/* End PBXResourcesBuildPhase section */

/* Begin PBXSourcesBuildPhase section */
		4CB015522AD4DBBC0023C71E /* Sources */ = {
			isa = PBXSourcesBuildPhase;
			buildActionMask = 2147483647;
			files = (
				4CB0155C2AD4DBBC0023C71E /* ContentView.swift in Sources */,
				7D02E7252ADCC97200923AFB /* HistoryView.swift in Sources */,
				4CB0155A2AD4DBBC0023C71E /* YTeamApp.swift in Sources */,
				7D02E7212AD8ECD500923AFB /* Screen.swift in Sources */,
			);
			runOnlyForDeploymentPostprocessing = 0;
		};
		4CB015622AD4DBBF0023C71E /* Sources */ = {
			isa = PBXSourcesBuildPhase;
			buildActionMask = 2147483647;
			files = (
				4CB0156E2AD4DBBF0023C71E /* ContentView.swift in Sources */,
				4CB0156C2AD4DBBF0023C71E /* YTeamApp.swift in Sources */,
			);
			runOnlyForDeploymentPostprocessing = 0;
		};
/* End PBXSourcesBuildPhase section */

/* Begin PBXTargetDependency section */
		4CB015692AD4DBBF0023C71E /* PBXTargetDependency */ = {
			isa = PBXTargetDependency;
			target = 4CB015652AD4DBBF0023C71E /* YTeam Watch App */;
			targetProxy = 4CB015682AD4DBBF0023C71E /* PBXContainerItemProxy */;
		};
/* End PBXTargetDependency section */

/* Begin XCBuildConfiguration section */
		4CB015742AD4DBC00023C71E /* Debug */ = {
			isa = XCBuildConfiguration;
			buildSettings = {
				ALWAYS_SEARCH_USER_PATHS = NO;
				ASSETCATALOG_COMPILER_GENERATE_SWIFT_ASSET_SYMBOL_EXTENSIONS = YES;
				CLANG_ANALYZER_NONNULL = YES;
				CLANG_ANALYZER_NUMBER_OBJECT_CONVERSION = YES_AGGRESSIVE;
				CLANG_CXX_LANGUAGE_STANDARD = "gnu++20";
				CLANG_ENABLE_MODULES = YES;
				CLANG_ENABLE_OBJC_ARC = YES;
				CLANG_ENABLE_OBJC_WEAK = YES;
				CLANG_WARN_BLOCK_CAPTURE_AUTORELEASING = YES;
				CLANG_WARN_BOOL_CONVERSION = YES;
				CLANG_WARN_COMMA = YES;
				CLANG_WARN_CONSTANT_CONVERSION = YES;
				CLANG_WARN_DEPRECATED_OBJC_IMPLEMENTATIONS = YES;
				CLANG_WARN_DIRECT_OBJC_ISA_USAGE = YES_ERROR;
				CLANG_WARN_DOCUMENTATION_COMMENTS = YES;
				CLANG_WARN_EMPTY_BODY = YES;
				CLANG_WARN_ENUM_CONVERSION = YES;
				CLANG_WARN_INFINITE_RECURSION = YES;
				CLANG_WARN_INT_CONVERSION = YES;
				CLANG_WARN_NON_LITERAL_NULL_CONVERSION = YES;
				CLANG_WARN_OBJC_IMPLICIT_RETAIN_SELF = YES;
				CLANG_WARN_OBJC_LITERAL_CONVERSION = YES;
				CLANG_WARN_OBJC_ROOT_CLASS = YES_ERROR;
				CLANG_WARN_QUOTED_INCLUDE_IN_FRAMEWORK_HEADER = YES;
				CLANG_WARN_RANGE_LOOP_ANALYSIS = YES;
				CLANG_WARN_STRICT_PROTOTYPES = YES;
				CLANG_WARN_SUSPICIOUS_MOVE = YES;
				CLANG_WARN_UNGUARDED_AVAILABILITY = YES_AGGRESSIVE;
				CLANG_WARN_UNREACHABLE_CODE = YES;
				CLANG_WARN__DUPLICATE_METHOD_MATCH = YES;
				COPY_PHASE_STRIP = NO;
				DEBUG_INFORMATION_FORMAT = dwarf;
				ENABLE_STRICT_OBJC_MSGSEND = YES;
				ENABLE_TESTABILITY = YES;
				ENABLE_USER_SCRIPT_SANDBOXING = YES;
				GCC_C_LANGUAGE_STANDARD = gnu17;
				GCC_DYNAMIC_NO_PIC = NO;
				GCC_NO_COMMON_BLOCKS = YES;
				GCC_OPTIMIZATION_LEVEL = 0;
				GCC_PREPROCESSOR_DEFINITIONS = (
					"DEBUG=1",
					"$(inherited)",
				);
				GCC_WARN_64_TO_32_BIT_CONVERSION = YES;
				GCC_WARN_ABOUT_RETURN_TYPE = YES_ERROR;
				GCC_WARN_UNDECLARED_SELECTOR = YES;
				GCC_WARN_UNINITIALIZED_AUTOS = YES_AGGRESSIVE;
				GCC_WARN_UNUSED_FUNCTION = YES;
				GCC_WARN_UNUSED_VARIABLE = YES;
				LOCALIZATION_PREFERS_STRING_CATALOGS = YES;
				MTL_ENABLE_DEBUG_INFO = INCLUDE_SOURCE;
				MTL_FAST_MATH = YES;
				ONLY_ACTIVE_ARCH = YES;
				SWIFT_ACTIVE_COMPILATION_CONDITIONS = "DEBUG $(inherited)";
				SWIFT_OPTIMIZATION_LEVEL = "-Onone";
			};
			name = Debug;
		};
		4CB015752AD4DBC00023C71E /* Release */ = {
			isa = XCBuildConfiguration;
			buildSettings = {
				ALWAYS_SEARCH_USER_PATHS = NO;
				ASSETCATALOG_COMPILER_GENERATE_SWIFT_ASSET_SYMBOL_EXTENSIONS = YES;
				CLANG_ANALYZER_NONNULL = YES;
				CLANG_ANALYZER_NUMBER_OBJECT_CONVERSION = YES_AGGRESSIVE;
				CLANG_CXX_LANGUAGE_STANDARD = "gnu++20";
				CLANG_ENABLE_MODULES = YES;
				CLANG_ENABLE_OBJC_ARC = YES;
				CLANG_ENABLE_OBJC_WEAK = YES;
				CLANG_WARN_BLOCK_CAPTURE_AUTORELEASING = YES;
				CLANG_WARN_BOOL_CONVERSION = YES;
				CLANG_WARN_COMMA = YES;
				CLANG_WARN_CONSTANT_CONVERSION = YES;
				CLANG_WARN_DEPRECATED_OBJC_IMPLEMENTATIONS = YES;
				CLANG_WARN_DIRECT_OBJC_ISA_USAGE = YES_ERROR;
				CLANG_WARN_DOCUMENTATION_COMMENTS = YES;
				CLANG_WARN_EMPTY_BODY = YES;
				CLANG_WARN_ENUM_CONVERSION = YES;
				CLANG_WARN_INFINITE_RECURSION = YES;
				CLANG_WARN_INT_CONVERSION = YES;
				CLANG_WARN_NON_LITERAL_NULL_CONVERSION = YES;
				CLANG_WARN_OBJC_IMPLICIT_RETAIN_SELF = YES;
				CLANG_WARN_OBJC_LITERAL_CONVERSION = YES;
				CLANG_WARN_OBJC_ROOT_CLASS = YES_ERROR;
				CLANG_WARN_QUOTED_INCLUDE_IN_FRAMEWORK_HEADER = YES;
				CLANG_WARN_RANGE_LOOP_ANALYSIS = YES;
				CLANG_WARN_STRICT_PROTOTYPES = YES;
				CLANG_WARN_SUSPICIOUS_MOVE = YES;
				CLANG_WARN_UNGUARDED_AVAILABILITY = YES_AGGRESSIVE;
				CLANG_WARN_UNREACHABLE_CODE = YES;
				CLANG_WARN__DUPLICATE_METHOD_MATCH = YES;
				COPY_PHASE_STRIP = NO;
				DEBUG_INFORMATION_FORMAT = "dwarf-with-dsym";
				ENABLE_NS_ASSERTIONS = NO;
				ENABLE_STRICT_OBJC_MSGSEND = YES;
				ENABLE_USER_SCRIPT_SANDBOXING = YES;
				GCC_C_LANGUAGE_STANDARD = gnu17;
				GCC_NO_COMMON_BLOCKS = YES;
				GCC_WARN_64_TO_32_BIT_CONVERSION = YES;
				GCC_WARN_ABOUT_RETURN_TYPE = YES_ERROR;
				GCC_WARN_UNDECLARED_SELECTOR = YES;
				GCC_WARN_UNINITIALIZED_AUTOS = YES_AGGRESSIVE;
				GCC_WARN_UNUSED_FUNCTION = YES;
				GCC_WARN_UNUSED_VARIABLE = YES;
				LOCALIZATION_PREFERS_STRING_CATALOGS = YES;
				MTL_ENABLE_DEBUG_INFO = NO;
				MTL_FAST_MATH = YES;
				SWIFT_COMPILATION_MODE = wholemodule;
			};
			name = Release;
		};
		4CB015772AD4DBC00023C71E /* Debug */ = {
			isa = XCBuildConfiguration;
			buildSettings = {
				ASSETCATALOG_COMPILER_APPICON_NAME = AppIcon;
				ASSETCATALOG_COMPILER_GLOBAL_ACCENT_COLOR_NAME = AccentColor;
				CODE_SIGN_STYLE = Automatic;
				CURRENT_PROJECT_VERSION = 1;
				DEVELOPMENT_ASSET_PATHS = "\"YTeam Watch App/Preview Content\"";
				DEVELOPMENT_TEAM = 594Q84397D;
				ENABLE_PREVIEWS = YES;
				GENERATE_INFOPLIST_FILE = YES;
				INFOPLIST_KEY_CFBundleDisplayName = YTeam;
				INFOPLIST_KEY_UISupportedInterfaceOrientations = "UIInterfaceOrientationPortrait UIInterfaceOrientationPortraitUpsideDown";
				INFOPLIST_KEY_WKCompanionAppBundleIdentifier = com.ada.YTeam;
				LD_RUNPATH_SEARCH_PATHS = (
					"$(inherited)",
					"@executable_path/Frameworks",
				);
				MARKETING_VERSION = 1.0;
				PRODUCT_BUNDLE_IDENTIFIER = com.ada.YTeam.watchkitapp;
				PRODUCT_NAME = "$(TARGET_NAME)";
				SDKROOT = watchos;
				SKIP_INSTALL = YES;
				SWIFT_EMIT_LOC_STRINGS = YES;
				SWIFT_VERSION = 5.0;
				TARGETED_DEVICE_FAMILY = 4;
				WATCHOS_DEPLOYMENT_TARGET = 10.0;
			};
			name = Debug;
		};
		4CB015782AD4DBC00023C71E /* Release */ = {
			isa = XCBuildConfiguration;
			buildSettings = {
				ASSETCATALOG_COMPILER_APPICON_NAME = AppIcon;
				ASSETCATALOG_COMPILER_GLOBAL_ACCENT_COLOR_NAME = AccentColor;
				CODE_SIGN_STYLE = Automatic;
				CURRENT_PROJECT_VERSION = 1;
				DEVELOPMENT_ASSET_PATHS = "\"YTeam Watch App/Preview Content\"";
				DEVELOPMENT_TEAM = 594Q84397D;
				ENABLE_PREVIEWS = YES;
				GENERATE_INFOPLIST_FILE = YES;
				INFOPLIST_KEY_CFBundleDisplayName = YTeam;
				INFOPLIST_KEY_UISupportedInterfaceOrientations = "UIInterfaceOrientationPortrait UIInterfaceOrientationPortraitUpsideDown";
				INFOPLIST_KEY_WKCompanionAppBundleIdentifier = com.ada.YTeam;
				LD_RUNPATH_SEARCH_PATHS = (
					"$(inherited)",
					"@executable_path/Frameworks",
				);
				MARKETING_VERSION = 1.0;
				PRODUCT_BUNDLE_IDENTIFIER = com.ada.YTeam.watchkitapp;
				PRODUCT_NAME = "$(TARGET_NAME)";
				SDKROOT = watchos;
				SKIP_INSTALL = YES;
				SWIFT_EMIT_LOC_STRINGS = YES;
				SWIFT_VERSION = 5.0;
				TARGETED_DEVICE_FAMILY = 4;
				VALIDATE_PRODUCT = YES;
				WATCHOS_DEPLOYMENT_TARGET = 10.0;
			};
			name = Release;
		};
		4CB0157B2AD4DBC00023C71E /* Debug */ = {
			isa = XCBuildConfiguration;
			buildSettings = {
				ALWAYS_EMBED_SWIFT_STANDARD_LIBRARIES = YES;
				ASSETCATALOG_COMPILER_APPICON_NAME = AppIcon;
				ASSETCATALOG_COMPILER_GLOBAL_ACCENT_COLOR_NAME = AccentColor;
				CODE_SIGN_STYLE = Automatic;
				CURRENT_PROJECT_VERSION = 1;
				DEVELOPMENT_ASSET_PATHS = "\"YTeam/Preview Content\"";
				DEVELOPMENT_TEAM = 594Q84397D;
				ENABLE_PREVIEWS = YES;
				GENERATE_INFOPLIST_FILE = YES;
				INFOPLIST_KEY_CFBundleDisplayName = YTeam;
				INFOPLIST_KEY_UIApplicationSceneManifest_Generation = YES;
				INFOPLIST_KEY_UIApplicationSupportsIndirectInputEvents = YES;
				INFOPLIST_KEY_UILaunchScreen_Generation = YES;
				INFOPLIST_KEY_UISupportedInterfaceOrientations_iPad = "UIInterfaceOrientationPortrait UIInterfaceOrientationPortraitUpsideDown UIInterfaceOrientationLandscapeLeft UIInterfaceOrientationLandscapeRight";
				INFOPLIST_KEY_UISupportedInterfaceOrientations_iPhone = "UIInterfaceOrientationPortrait UIInterfaceOrientationLandscapeLeft UIInterfaceOrientationLandscapeRight";
				IPHONEOS_DEPLOYMENT_TARGET = 17.0;
				LD_RUNPATH_SEARCH_PATHS = (
					"$(inherited)",
					"@executable_path/Frameworks",
				);
				MARKETING_VERSION = 1.0;
				PRODUCT_BUNDLE_IDENTIFIER = com.ada.YTeam;
				PRODUCT_NAME = "$(TARGET_NAME)";
				SDKROOT = iphoneos;
				SWIFT_EMIT_LOC_STRINGS = YES;
				SWIFT_VERSION = 5.0;
				TARGETED_DEVICE_FAMILY = "1,2";
			};
			name = Debug;
		};
		4CB0157C2AD4DBC00023C71E /* Release */ = {
			isa = XCBuildConfiguration;
			buildSettings = {
				ALWAYS_EMBED_SWIFT_STANDARD_LIBRARIES = YES;
				ASSETCATALOG_COMPILER_APPICON_NAME = AppIcon;
				ASSETCATALOG_COMPILER_GLOBAL_ACCENT_COLOR_NAME = AccentColor;
				CODE_SIGN_STYLE = Automatic;
				CURRENT_PROJECT_VERSION = 1;
				DEVELOPMENT_ASSET_PATHS = "\"YTeam/Preview Content\"";
				DEVELOPMENT_TEAM = 594Q84397D;
				ENABLE_PREVIEWS = YES;
				GENERATE_INFOPLIST_FILE = YES;
				INFOPLIST_KEY_CFBundleDisplayName = YTeam;
				INFOPLIST_KEY_UIApplicationSceneManifest_Generation = YES;
				INFOPLIST_KEY_UIApplicationSupportsIndirectInputEvents = YES;
				INFOPLIST_KEY_UILaunchScreen_Generation = YES;
				INFOPLIST_KEY_UISupportedInterfaceOrientations_iPad = "UIInterfaceOrientationPortrait UIInterfaceOrientationPortraitUpsideDown UIInterfaceOrientationLandscapeLeft UIInterfaceOrientationLandscapeRight";
				INFOPLIST_KEY_UISupportedInterfaceOrientations_iPhone = "UIInterfaceOrientationPortrait UIInterfaceOrientationLandscapeLeft UIInterfaceOrientationLandscapeRight";
				IPHONEOS_DEPLOYMENT_TARGET = 17.0;
				LD_RUNPATH_SEARCH_PATHS = (
					"$(inherited)",
					"@executable_path/Frameworks",
				);
				MARKETING_VERSION = 1.0;
				PRODUCT_BUNDLE_IDENTIFIER = com.ada.YTeam;
				PRODUCT_NAME = "$(TARGET_NAME)";
				SDKROOT = iphoneos;
				SWIFT_EMIT_LOC_STRINGS = YES;
				SWIFT_VERSION = 5.0;
				TARGETED_DEVICE_FAMILY = "1,2";
				VALIDATE_PRODUCT = YES;
			};
			name = Release;
		};
/* End XCBuildConfiguration section */

/* Begin XCConfigurationList section */
		4CB015512AD4DBBC0023C71E /* Build configuration list for PBXProject "YTeam" */ = {
			isa = XCConfigurationList;
			buildConfigurations = (
				4CB015742AD4DBC00023C71E /* Debug */,
				4CB015752AD4DBC00023C71E /* Release */,
			);
			defaultConfigurationIsVisible = 0;
			defaultConfigurationName = Release;
		};
		4CB015762AD4DBC00023C71E /* Build configuration list for PBXNativeTarget "YTeam Watch App" */ = {
			isa = XCConfigurationList;
			buildConfigurations = (
				4CB015772AD4DBC00023C71E /* Debug */,
				4CB015782AD4DBC00023C71E /* Release */,
			);
			defaultConfigurationIsVisible = 0;
			defaultConfigurationName = Release;
		};
		4CB0157A2AD4DBC00023C71E /* Build configuration list for PBXNativeTarget "YTeam" */ = {
			isa = XCConfigurationList;
			buildConfigurations = (
				4CB0157B2AD4DBC00023C71E /* Debug */,
				4CB0157C2AD4DBC00023C71E /* Release */,
			);
			defaultConfigurationIsVisible = 0;
			defaultConfigurationName = Release;
		};
/* End XCConfigurationList section */
	};
	rootObject = 4CB0154E2AD4DBBC0023C71E /* Project object */;
}
